// !$*UTF8*$!
{
	archiveVersion = 1;
	classes = {
	};
	objectVersion = 56;
	objects = {

/* Begin PBXBuildFile section */
		D04C748E2AD335DF00C4FB9A /* Day4App.swift in Sources */ = {isa = PBXBuildFile; fileRef = D04C748D2AD335DF00C4FB9A /* Day4App.swift */; };
		D04C74902AD335DF00C4FB9A /* ContentView.swift in Sources */ = {isa = PBXBuildFile; fileRef = D04C748F2AD335DF00C4FB9A /* ContentView.swift */; };
		D04C74922AD335E200C4FB9A /* Assets.xcassets in Resources */ = {isa = PBXBuildFile; fileRef = D04C74912AD335E200C4FB9A /* Assets.xcassets */; };
		D04C74952AD335E200C4FB9A /* Preview Assets.xcassets in Resources */ = {isa = PBXBuildFile; fileRef = D04C74942AD335E200C4FB9A /* Preview Assets.xcassets */; };
		D04C749F2AD335E300C4FB9A /* Day4Tests.swift in Sources */ = {isa = PBXBuildFile; fileRef = D04C749E2AD335E300C4FB9A /* Day4Tests.swift */; };
		D04C74A92AD335E300C4FB9A /* Day4UITests.swift in Sources */ = {isa = PBXBuildFile; fileRef = D04C74A82AD335E300C4FB9A /* Day4UITests.swift */; };
		D04C74AB2AD335E300C4FB9A /* Day4UITestsLaunchTests.swift in Sources */ = {isa = PBXBuildFile; fileRef = D04C74AA2AD335E300C4FB9A /* Day4UITestsLaunchTests.swift */; };
/* End PBXBuildFile section */

/* Begin PBXContainerItemProxy section */
		D04C749B2AD335E300C4FB9A /* PBXContainerItemProxy */ = {
			isa = PBXContainerItemProxy;
			containerPortal = D04C74822AD335DF00C4FB9A /* Project object */;
			proxyType = 1;
			remoteGlobalIDString = D04C74892AD335DF00C4FB9A;
			remoteInfo = Day4;
		};
		D04C74A52AD335E300C4FB9A /* PBXContainerItemProxy */ = {
			isa = PBXContainerItemProxy;
			containerPortal = D04C74822AD335DF00C4FB9A /* Project object */;
			proxyType = 1;
			remoteGlobalIDString = D04C74892AD335DF00C4FB9A;
			remoteInfo = Day4;
		};
/* End PBXContainerItemProxy section */

/* Begin PBXFileReference section */
		D04C748A2AD335DF00C4FB9A /* Day4.app */ = {isa = PBXFileReference; explicitFileType = wrapper.application; includeInIndex = 0; path = Day4.app; sourceTree = BUILT_PRODUCTS_DIR; };
		D04C748D2AD335DF00C4FB9A /* Day4App.swift */ = {isa = PBXFileReference; lastKnownFileType = sourcecode.swift; path = Day4App.swift; sourceTree = "<group>"; };
		D04C748F2AD335DF00C4FB9A /* ContentView.swift */ = {isa = PBXFileReference; lastKnownFileType = sourcecode.swift; path = ContentView.swift; sourceTree = "<group>"; };
		D04C74912AD335E200C4FB9A /* Assets.xcassets */ = {isa = PBXFileReference; lastKnownFileType = folder.assetcatalog; path = Assets.xcassets; sourceTree = "<group>"; };
		D04C74942AD335E200C4FB9A /* Preview Assets.xcassets */ = {isa = PBXFileReference; lastKnownFileType = folder.assetcatalog; path = "Preview Assets.xcassets"; sourceTree = "<group>"; };
		D04C749A2AD335E300C4FB9A /* Day4Tests.xctest */ = {isa = PBXFileReference; explicitFileType = wrapper.cfbundle; includeInIndex = 0; path = Day4Tests.xctest; sourceTree = BUILT_PRODUCTS_DIR; };
		D04C749E2AD335E300C4FB9A /* Day4Tests.swift */ = {isa = PBXFileReference; lastKnownFileType = sourcecode.swift; path = Day4Tests.swift; sourceTree = "<group>"; };
		D04C74A42AD335E300C4FB9A /* Day4UITests.xctest */ = {isa = PBXFileReference; explicitFileType = wrapper.cfbundle; includeInIndex = 0; path = Day4UITests.xctest; sourceTree = BUILT_PRODUCTS_DIR; };
		D04C74A82AD335E300C4FB9A /* Day4UITests.swift */ = {isa = PBXFileReference; lastKnownFileType = sourcecode.swift; path = Day4UITests.swift; sourceTree = "<group>"; };
		D04C74AA2AD335E300C4FB9A /* Day4UITestsLaunchTests.swift */ = {isa = PBXFileReference; lastKnownFileType = sourcecode.swift; path = Day4UITestsLaunchTests.swift; sourceTree = "<group>"; };
/* End PBXFileReference section */

/* Begin PBXFrameworksBuildPhase section */
		D04C74872AD335DF00C4FB9A /* Frameworks */ = {
			isa = PBXFrameworksBuildPhase;
			buildActionMask = 2147483647;
			files = (
			);
			runOnlyForDeploymentPostprocessing = 0;
		};
		D04C74972AD335E300C4FB9A /* Frameworks */ = {
			isa = PBXFrameworksBuildPhase;
			buildActionMask = 2147483647;
			files = (
			);
			runOnlyForDeploymentPostprocessing = 0;
		};
		D04C74A12AD335E300C4FB9A /* Frameworks */ = {
			isa = PBXFrameworksBuildPhase;
			buildActionMask = 2147483647;
			files = (
			);
			runOnlyForDeploymentPostprocessing = 0;
		};
/* End PBXFrameworksBuildPhase section */

/* Begin PBXGroup section */
		D04C74812AD335DF00C4FB9A = {
			isa = PBXGroup;
			children = (
				D04C748C2AD335DF00C4FB9A /* Day4 */,
				D04C749D2AD335E300C4FB9A /* Day4Tests */,
				D04C74A72AD335E300C4FB9A /* Day4UITests */,
				D04C748B2AD335DF00C4FB9A /* Products */,
			);
			sourceTree = "<group>";
		};
		D04C748B2AD335DF00C4FB9A /* Products */ = {
			isa = PBXGroup;
			children = (
				D04C748A2AD335DF00C4FB9A /* Day4.app */,
				D04C749A2AD335E300C4FB9A /* Day4Tests.xctest */,
				D04C74A42AD335E300C4FB9A /* Day4UITests.xctest */,
			);
			name = Products;
			sourceTree = "<group>";
		};
		D04C748C2AD335DF00C4FB9A /* Day4 */ = {
			isa = PBXGroup;
			children = (
				D04C748D2AD335DF00C4FB9A /* Day4App.swift */,
				D04C748F2AD335DF00C4FB9A /* ContentView.swift */,
				D04C74912AD335E200C4FB9A /* Assets.xcassets */,
				D04C74932AD335E200C4FB9A /* Preview Content */,
			);
			path = Day4;
			sourceTree = "<group>";
		};
		D04C74932AD335E200C4FB9A /* Preview Content */ = {
			isa = PBXGroup;
			children = (
				D04C74942AD335E200C4FB9A /* Preview Assets.xcassets */,
			);
			path = "Preview Content";
			sourceTree = "<group>";
		};
		D04C749D2AD335E300C4FB9A /* Day4Tests */ = {
			isa = PBXGroup;
			children = (
				D04C749E2AD335E300C4FB9A /* Day4Tests.swift */,
			);
			path = Day4Tests;
			sourceTree = "<group>";
		};
		D04C74A72AD335E300C4FB9A /* Day4UITests */ = {
			isa = PBXGroup;
			children = (
				D04C74A82AD335E300C4FB9A /* Day4UITests.swift */,
				D04C74AA2AD335E300C4FB9A /* Day4UITestsLaunchTests.swift */,
			);
			path = Day4UITests;
			sourceTree = "<group>";
		};
/* End PBXGroup section */

/* Begin PBXNativeTarget section */
		D04C74892AD335DF00C4FB9A /* Day4 */ = {
			isa = PBXNativeTarget;
			buildConfigurationList = D04C74AE2AD335E300C4FB9A /* Build configuration list for PBXNativeTarget "Day4" */;
			buildPhases = (
				D04C74862AD335DF00C4FB9A /* Sources */,
				D04C74872AD335DF00C4FB9A /* Frameworks */,
				D04C74882AD335DF00C4FB9A /* Resources */,
			);
			buildRules = (
			);
			dependencies = (
			);
			name = Day4;
			productName = Day4;
			productReference = D04C748A2AD335DF00C4FB9A /* Day4.app */;
			productType = "com.apple.product-type.application";
		};
		D04C74992AD335E300C4FB9A /* Day4Tests */ = {
			isa = PBXNativeTarget;
			buildConfigurationList = D04C74B12AD335E300C4FB9A /* Build configuration list for PBXNativeTarget "Day4Tests" */;
			buildPhases = (
				D04C74962AD335E300C4FB9A /* Sources */,
				D04C74972AD335E300C4FB9A /* Frameworks */,
				D04C74982AD335E300C4FB9A /* Resources */,
			);
			buildRules = (
			);
			dependencies = (
				D04C749C2AD335E300C4FB9A /* PBXTargetDependency */,
			);
			name = Day4Tests;
			productName = Day4Tests;
			productReference = D04C749A2AD335E300C4FB9A /* Day4Tests.xctest */;
			productType = "com.apple.product-type.bundle.unit-test";
		};
		D04C74A32AD335E300C4FB9A /* Day4UITests */ = {
			isa = PBXNativeTarget;
			buildConfigurationList = D04C74B42AD335E300C4FB9A /* Build configuration list for PBXNativeTarget "Day4UITests" */;
			buildPhases = (
				D04C74A02AD335E300C4FB9A /* Sources */,
				D04C74A12AD335E300C4FB9A /* Frameworks */,
				D04C74A22AD335E300C4FB9A /* Resources */,
			);
			buildRules = (
			);
			dependencies = (
				D04C74A62AD335E300C4FB9A /* PBXTargetDependency */,
			);
			name = Day4UITests;
			productName = Day4UITests;
			productReference = D04C74A42AD335E300C4FB9A /* Day4UITests.xctest */;
			productType = "com.apple.product-type.bundle.ui-testing";
		};
/* End PBXNativeTarget section */

/* Begin PBXProject section */
		D04C74822AD335DF00C4FB9A /* Project object */ = {
			isa = PBXProject;
			attributes = {
				BuildIndependentTargetsInParallel = 1;
				LastSwiftUpdateCheck = 1430;
				LastUpgradeCheck = 1430;
				TargetAttributes = {
					D04C74892AD335DF00C4FB9A = {
						CreatedOnToolsVersion = 14.3.1;
					};
					D04C74992AD335E300C4FB9A = {
						CreatedOnToolsVersion = 14.3.1;
						TestTargetID = D04C74892AD335DF00C4FB9A;
					};
					D04C74A32AD335E300C4FB9A = {
						CreatedOnToolsVersion = 14.3.1;
						TestTargetID = D04C74892AD335DF00C4FB9A;
					};
				};
			};
			buildConfigurationList = D04C74852AD335DF00C4FB9A /* Build configuration list for PBXProject "Day4" */;
			compatibilityVersion = "Xcode 14.0";
			developmentRegion = en;
			hasScannedForEncodings = 0;
			knownRegions = (
				en,
				Base,
			);
			mainGroup = D04C74812AD335DF00C4FB9A;
			productRefGroup = D04C748B2AD335DF00C4FB9A /* Products */;
			projectDirPath = "";
			projectRoot = "";
			targets = (
				D04C74892AD335DF00C4FB9A /* Day4 */,
				D04C74992AD335E300C4FB9A /* Day4Tests */,
				D04C74A32AD335E300C4FB9A /* Day4UITests */,
			);
		};
/* End PBXProject section */

/* Begin PBXResourcesBuildPhase section */
		D04C74882AD335DF00C4FB9A /* Resources */ = {
			isa = PBXResourcesBuildPhase;
			buildActionMask = 2147483647;
			files = (
				D04C74952AD335E200C4FB9A /* Preview Assets.xcassets in Resources */,
				D04C74922AD335E200C4FB9A /* Assets.xcassets in Resources */,
			);
			runOnlyForDeploymentPostprocessing = 0;
		};
		D04C74982AD335E300C4FB9A /* Resources */ = {
			isa = PBXResourcesBuildPhase;
			buildActionMask = 2147483647;
			files = (
			);
			runOnlyForDeploymentPostprocessing = 0;
		};
		D04C74A22AD335E300C4FB9A /* Resources */ = {
			isa = PBXResourcesBuildPhase;
			buildActionMask = 2147483647;
			files = (
			);
			runOnlyForDeploymentPostprocessing = 0;
		};
/* End PBXResourcesBuildPhase section */

/* Begin PBXSourcesBuildPhase section */
		D04C74862AD335DF00C4FB9A /* Sources */ = {
			isa = PBXSourcesBuildPhase;
			buildActionMask = 2147483647;
			files = (
				D04C74902AD335DF00C4FB9A /* ContentView.swift in Sources */,
				D04C748E2AD335DF00C4FB9A /* Day4App.swift in Sources */,
			);
			runOnlyForDeploymentPostprocessing = 0;
		};
		D04C74962AD335E300C4FB9A /* Sources */ = {
			isa = PBXSourcesBuildPhase;
			buildActionMask = 2147483647;
			files = (
				D04C749F2AD335E300C4FB9A /* Day4Tests.swift in Sources */,
			);
			runOnlyForDeploymentPostprocessing = 0;
		};
		D04C74A02AD335E300C4FB9A /* Sources */ = {
			isa = PBXSourcesBuildPhase;
			buildActionMask = 2147483647;
			files = (
				D04C74AB2AD335E300C4FB9A /* Day4UITestsLaunchTests.swift in Sources */,
				D04C74A92AD335E300C4FB9A /* Day4UITests.swift in Sources */,
			);
			runOnlyForDeploymentPostprocessing = 0;
		};
/* End PBXSourcesBuildPhase section */

/* Begin PBXTargetDependency section */
		D04C749C2AD335E300C4FB9A /* PBXTargetDependency */ = {
			isa = PBXTargetDependency;
			target = D04C74892AD335DF00C4FB9A /* Day4 */;
			targetProxy = D04C749B2AD335E300C4FB9A /* PBXContainerItemProxy */;
		};
		D04C74A62AD335E300C4FB9A /* PBXTargetDependency */ = {
			isa = PBXTargetDependency;
			target = D04C74892AD335DF00C4FB9A /* Day4 */;
			targetProxy = D04C74A52AD335E300C4FB9A /* PBXContainerItemProxy */;
		};
/* End PBXTargetDependency section */

/* Begin XCBuildConfiguration section */
		D04C74AC2AD335E300C4FB9A /* Debug */ = {
			isa = XCBuildConfiguration;
			buildSettings = {
				ALWAYS_SEARCH_USER_PATHS = NO;
				CLANG_ANALYZER_NONNULL = YES;
				CLANG_ANALYZER_NUMBER_OBJECT_CONVERSION = YES_AGGRESSIVE;
				CLANG_CXX_LANGUAGE_STANDARD = "gnu++20";
				CLANG_ENABLE_MODULES = YES;
				CLANG_ENABLE_OBJC_ARC = YES;
				CLANG_ENABLE_OBJC_WEAK = YES;
				CLANG_WARN_BLOCK_CAPTURE_AUTORELEASING = YES;
				CLANG_WARN_BOOL_CONVERSION = YES;
				CLANG_WARN_COMMA = YES;
				CLANG_WARN_CONSTANT_CONVERSION = YES;
				CLANG_WARN_DEPRECATED_OBJC_IMPLEMENTATIONS = YES;
				CLANG_WARN_DIRECT_OBJC_ISA_USAGE = YES_ERROR;
				CLANG_WARN_DOCUMENTATION_COMMENTS = YES;
				CLANG_WARN_EMPTY_BODY = YES;
				CLANG_WARN_ENUM_CONVERSION = YES;
				CLANG_WARN_INFINITE_RECURSION = YES;
				CLANG_WARN_INT_CONVERSION = YES;
				CLANG_WARN_NON_LITERAL_NULL_CONVERSION = YES;
				CLANG_WARN_OBJC_IMPLICIT_RETAIN_SELF = YES;
				CLANG_WARN_OBJC_LITERAL_CONVERSION = YES;
				CLANG_WARN_OBJC_ROOT_CLASS = YES_ERROR;
				CLANG_WARN_QUOTED_INCLUDE_IN_FRAMEWORK_HEADER = YES;
				CLANG_WARN_RANGE_LOOP_ANALYSIS = YES;
				CLANG_WARN_STRICT_PROTOTYPES = YES;
				CLANG_WARN_SUSPICIOUS_MOVE = YES;
				CLANG_WARN_UNGUARDED_AVAILABILITY = YES_AGGRESSIVE;
				CLANG_WARN_UNREACHABLE_CODE = YES;
				CLANG_WARN__DUPLICATE_METHOD_MATCH = YES;
				COPY_PHASE_STRIP = NO;
				DEBUG_INFORMATION_FORMAT = dwarf;
				ENABLE_STRICT_OBJC_MSGSEND = YES;
				ENABLE_TESTABILITY = YES;
				GCC_C_LANGUAGE_STANDARD = gnu11;
				GCC_DYNAMIC_NO_PIC = NO;
				GCC_NO_COMMON_BLOCKS = YES;
				GCC_OPTIMIZATION_LEVEL = 0;
				GCC_PREPROCESSOR_DEFINITIONS = (
					"DEBUG=1",
					"$(inherited)",
				);
				GCC_WARN_64_TO_32_BIT_CONVERSION = YES;
				GCC_WARN_ABOUT_RETURN_TYPE = YES_ERROR;
				GCC_WARN_UNDECLARED_SELECTOR = YES;
				GCC_WARN_UNINITIALIZED_AUTOS = YES_AGGRESSIVE;
				GCC_WARN_UNUSED_FUNCTION = YES;
				GCC_WARN_UNUSED_VARIABLE = YES;
				IPHONEOS_DEPLOYMENT_TARGET = 16.4;
				MTL_ENABLE_DEBUG_INFO = INCLUDE_SOURCE;
				MTL_FAST_MATH = YES;
				ONLY_ACTIVE_ARCH = YES;
				SDKROOT = iphoneos;
				SWIFT_ACTIVE_COMPILATION_CONDITIONS = DEBUG;
				SWIFT_OPTIMIZATION_LEVEL = "-Onone";
			};
			name = Debug;
		};
		D04C74AD2AD335E300C4FB9A /* Release */ = {
			isa = XCBuildConfiguration;
			buildSettings = {
				ALWAYS_SEARCH_USER_PATHS = NO;
				CLANG_ANALYZER_NONNULL = YES;
				CLANG_ANALYZER_NUMBER_OBJECT_CONVERSION = YES_AGGRESSIVE;
				CLANG_CXX_LANGUAGE_STANDARD = "gnu++20";
				CLANG_ENABLE_MODULES = YES;
				CLANG_ENABLE_OBJC_ARC = YES;
				CLANG_ENABLE_OBJC_WEAK = YES;
				CLANG_WARN_BLOCK_CAPTURE_AUTORELEASING = YES;
				CLANG_WARN_BOOL_CONVERSION = YES;
				CLANG_WARN_COMMA = YES;
				CLANG_WARN_CONSTANT_CONVERSION = YES;
				CLANG_WARN_DEPRECATED_OBJC_IMPLEMENTATIONS = YES;
				CLANG_WARN_DIRECT_OBJC_ISA_USAGE = YES_ERROR;
				CLANG_WARN_DOCUMENTATION_COMMENTS = YES;
				CLANG_WARN_EMPTY_BODY = YES;
				CLANG_WARN_ENUM_CONVERSION = YES;
				CLANG_WARN_INFINITE_RECURSION = YES;
				CLANG_WARN_INT_CONVERSION = YES;
				CLANG_WARN_NON_LITERAL_NULL_CONVERSION = YES;
				CLANG_WARN_OBJC_IMPLICIT_RETAIN_SELF = YES;
				CLANG_WARN_OBJC_LITERAL_CONVERSION = YES;
				CLANG_WARN_OBJC_ROOT_CLASS = YES_ERROR;
				CLANG_WARN_QUOTED_INCLUDE_IN_FRAMEWORK_HEADER = YES;
				CLANG_WARN_RANGE_LOOP_ANALYSIS = YES;
				CLANG_WARN_STRICT_PROTOTYPES = YES;
				CLANG_WARN_SUSPICIOUS_MOVE = YES;
				CLANG_WARN_UNGUARDED_AVAILABILITY = YES_AGGRESSIVE;
				CLANG_WARN_UNREACHABLE_CODE = YES;
				CLANG_WARN__DUPLICATE_METHOD_MATCH = YES;
				COPY_PHASE_STRIP = NO;
				DEBUG_INFORMATION_FORMAT = "dwarf-with-dsym";
				ENABLE_NS_ASSERTIONS = NO;
				ENABLE_STRICT_OBJC_MSGSEND = YES;
				GCC_C_LANGUAGE_STANDARD = gnu11;
				GCC_NO_COMMON_BLOCKS = YES;
				GCC_WARN_64_TO_32_BIT_CONVERSION = YES;
				GCC_WARN_ABOUT_RETURN_TYPE = YES_ERROR;
				GCC_WARN_UNDECLARED_SELECTOR = YES;
				GCC_WARN_UNINITIALIZED_AUTOS = YES_AGGRESSIVE;
				GCC_WARN_UNUSED_FUNCTION = YES;
				GCC_WARN_UNUSED_VARIABLE = YES;
				IPHONEOS_DEPLOYMENT_TARGET = 16.4;
				MTL_ENABLE_DEBUG_INFO = NO;
				MTL_FAST_MATH = YES;
				SDKROOT = iphoneos;
				SWIFT_COMPILATION_MODE = wholemodule;
				SWIFT_OPTIMIZATION_LEVEL = "-O";
				VALIDATE_PRODUCT = YES;
			};
			name = Release;
		};
		D04C74AF2AD335E300C4FB9A /* Debug */ = {
			isa = XCBuildConfiguration;
			buildSettings = {
				ASSETCATALOG_COMPILER_APPICON_NAME = AppIcon;
				ASSETCATALOG_COMPILER_GLOBAL_ACCENT_COLOR_NAME = AccentColor;
				CODE_SIGN_STYLE = Automatic;
				CURRENT_PROJECT_VERSION = 1;
				DEVELOPMENT_ASSET_PATHS = "\"Day4/Preview Content\"";
				ENABLE_PREVIEWS = YES;
				GENERATE_INFOPLIST_FILE = YES;
				INFOPLIST_KEY_UIApplicationSceneManifest_Generation = YES;
				INFOPLIST_KEY_UIApplicationSupportsIndirectInputEvents = YES;
				INFOPLIST_KEY_UILaunchScreen_Generation = YES;
				INFOPLIST_KEY_UISupportedInterfaceOrientations_iPad = "UIInterfaceOrientationPortrait UIInterfaceOrientationPortraitUpsideDown UIInterfaceOrientationLandscapeLeft UIInterfaceOrientationLandscapeRight";
				INFOPLIST_KEY_UISupportedInterfaceOrientations_iPhone = "UIInterfaceOrientationPortrait UIInterfaceOrientationLandscapeLeft UIInterfaceOrientationLandscapeRight";
				LD_RUNPATH_SEARCH_PATHS = (
					"$(inherited)",
					"@executable_path/Frameworks",
				);
				MARKETING_VERSION = 1.0;
				PRODUCT_BUNDLE_IDENTIFIER = "Berk-Go-zek.Day4";
				PRODUCT_NAME = "$(TARGET_NAME)";
				SWIFT_EMIT_LOC_STRINGS = YES;
				SWIFT_VERSION = 5.0;
				TARGETED_DEVICE_FAMILY = "1,2";
			};
			name = Debug;
		};
		D04C74B02AD335E300C4FB9A /* Release */ = {
			isa = XCBuildConfiguration;
			buildSettings = {
				ASSETCATALOG_COMPILER_APPICON_NAME = AppIcon;
				ASSETCATALOG_COMPILER_GLOBAL_ACCENT_COLOR_NAME = AccentColor;
				CODE_SIGN_STYLE = Automatic;
				CURRENT_PROJECT_VERSION = 1;
				DEVELOPMENT_ASSET_PATHS = "\"Day4/Preview Content\"";
				ENABLE_PREVIEWS = YES;
				GENERATE_INFOPLIST_FILE = YES;
				INFOPLIST_KEY_UIApplicationSceneManifest_Generation = YES;
				INFOPLIST_KEY_UIApplicationSupportsIndirectInputEvents = YES;
				INFOPLIST_KEY_UILaunchScreen_Generation = YES;
				INFOPLIST_KEY_UISupportedInterfaceOrientations_iPad = "UIInterfaceOrientationPortrait UIInterfaceOrientationPortraitUpsideDown UIInterfaceOrientationLandscapeLeft UIInterfaceOrientationLandscapeRight";
				INFOPLIST_KEY_UISupportedInterfaceOrientations_iPhone = "UIInterfaceOrientationPortrait UIInterfaceOrientationLandscapeLeft UIInterfaceOrientationLandscapeRight";
				LD_RUNPATH_SEARCH_PATHS = (
					"$(inherited)",
					"@executable_path/Frameworks",
				);
				MARKETING_VERSION = 1.0;
				PRODUCT_BUNDLE_IDENTIFIER = "Berk-Go-zek.Day4";
				PRODUCT_NAME = "$(TARGET_NAME)";
				SWIFT_EMIT_LOC_STRINGS = YES;
				SWIFT_VERSION = 5.0;
				TARGETED_DEVICE_FAMILY = "1,2";
			};
			name = Release;
		};
		D04C74B22AD335E300C4FB9A /* Debug */ = {
			isa = XCBuildConfiguration;
			buildSettings = {
				ALWAYS_EMBED_SWIFT_STANDARD_LIBRARIES = YES;
				BUNDLE_LOADER = "$(TEST_HOST)";
				CODE_SIGN_STYLE = Automatic;
				CURRENT_PROJECT_VERSION = 1;
				GENERATE_INFOPLIST_FILE = YES;
				IPHONEOS_DEPLOYMENT_TARGET = 16.4;
				MARKETING_VERSION = 1.0;
				PRODUCT_BUNDLE_IDENTIFIER = "Berk-Go-zek.Day4Tests";
				PRODUCT_NAME = "$(TARGET_NAME)";
				SWIFT_EMIT_LOC_STRINGS = NO;
				SWIFT_VERSION = 5.0;
				TARGETED_DEVICE_FAMILY = "1,2";
				TEST_HOST = "$(BUILT_PRODUCTS_DIR)/Day4.app/$(BUNDLE_EXECUTABLE_FOLDER_PATH)/Day4";
			};
			name = Debug;
		};
		D04C74B32AD335E300C4FB9A /* Release */ = {
			isa = XCBuildConfiguration;
			buildSettings = {
				ALWAYS_EMBED_SWIFT_STANDARD_LIBRARIES = YES;
				BUNDLE_LOADER = "$(TEST_HOST)";
				CODE_SIGN_STYLE = Automatic;
				CURRENT_PROJECT_VERSION = 1;
				GENERATE_INFOPLIST_FILE = YES;
				IPHONEOS_DEPLOYMENT_TARGET = 16.4;
				MARKETING_VERSION = 1.0;
				PRODUCT_BUNDLE_IDENTIFIER = "Berk-Go-zek.Day4Tests";
				PRODUCT_NAME = "$(TARGET_NAME)";
				SWIFT_EMIT_LOC_STRINGS = NO;
				SWIFT_VERSION = 5.0;
				TARGETED_DEVICE_FAMILY = "1,2";
				TEST_HOST = "$(BUILT_PRODUCTS_DIR)/Day4.app/$(BUNDLE_EXECUTABLE_FOLDER_PATH)/Day4";
			};
			name = Release;
		};
		D04C74B52AD335E300C4FB9A /* Debug */ = {
			isa = XCBuildConfiguration;
			buildSettings = {
				ALWAYS_EMBED_SWIFT_STANDARD_LIBRARIES = YES;
				CODE_SIGN_STYLE = Automatic;
				CURRENT_PROJECT_VERSION = 1;
				GENERATE_INFOPLIST_FILE = YES;
				MARKETING_VERSION = 1.0;
				PRODUCT_BUNDLE_IDENTIFIER = "Berk-Go-zek.Day4UITests";
				PRODUCT_NAME = "$(TARGET_NAME)";
				SWIFT_EMIT_LOC_STRINGS = NO;
				SWIFT_VERSION = 5.0;
				TARGETED_DEVICE_FAMILY = "1,2";
				TEST_TARGET_NAME = Day4;
			};
			name = Debug;
		};
		D04C74B62AD335E300C4FB9A /* Release */ = {
			isa = XCBuildConfiguration;
			buildSettings = {
				ALWAYS_EMBED_SWIFT_STANDARD_LIBRARIES = YES;
				CODE_SIGN_STYLE = Automatic;
				CURRENT_PROJECT_VERSION = 1;
				GENERATE_INFOPLIST_FILE = YES;
				MARKETING_VERSION = 1.0;
				PRODUCT_BUNDLE_IDENTIFIER = "Berk-Go-zek.Day4UITests";
				PRODUCT_NAME = "$(TARGET_NAME)";
				SWIFT_EMIT_LOC_STRINGS = NO;
				SWIFT_VERSION = 5.0;
				TARGETED_DEVICE_FAMILY = "1,2";
				TEST_TARGET_NAME = Day4;
			};
			name = Release;
		};
/* End XCBuildConfiguration section */

/* Begin XCConfigurationList section */
		D04C74852AD335DF00C4FB9A /* Build configuration list for PBXProject "Day4" */ = {
			isa = XCConfigurationList;
			buildConfigurations = (
				D04C74AC2AD335E300C4FB9A /* Debug */,
				D04C74AD2AD335E300C4FB9A /* Release */,
			);
			defaultConfigurationIsVisible = 0;
			defaultConfigurationName = Release;
		};
		D04C74AE2AD335E300C4FB9A /* Build configuration list for PBXNativeTarget "Day4" */ = {
			isa = XCConfigurationList;
			buildConfigurations = (
				D04C74AF2AD335E300C4FB9A /* Debug */,
				D04C74B02AD335E300C4FB9A /* Release */,
			);
			defaultConfigurationIsVisible = 0;
			defaultConfigurationName = Release;
		};
		D04C74B12AD335E300C4FB9A /* Build configuration list for PBXNativeTarget "Day4Tests" */ = {
			isa = XCConfigurationList;
			buildConfigurations = (
				D04C74B22AD335E300C4FB9A /* Debug */,
				D04C74B32AD335E300C4FB9A /* Release */,
			);
			defaultConfigurationIsVisible = 0;
			defaultConfigurationName = Release;
		};
		D04C74B42AD335E300C4FB9A /* Build configuration list for PBXNativeTarget "Day4UITests" */ = {
			isa = XCConfigurationList;
			buildConfigurations = (
				D04C74B52AD335E300C4FB9A /* Debug */,
				D04C74B62AD335E300C4FB9A /* Release */,
			);
			defaultConfigurationIsVisible = 0;
			defaultConfigurationName = Release;
		};
/* End XCConfigurationList section */
	};
	rootObject = D04C74822AD335DF00C4FB9A /* Project object */;
}
